
Microsoft Visual Studio Solution File, Format Version 12.00
# Visual Studio Version 17
VisualStudioVersion = 17.14.36511.14 d17.14
MinimumVisualStudioVersion = 10.0.40219.1
Project("{FAE04EC0-301F-11D3-BF4B-00C04F79EFBC}") = "GUI", "GUI.csproj", "{AC452F7C-BF66-4433-997C-94F97367B149}"
EndProject
Global
	GlobalSection(SolutionConfigurationPlatforms) = preSolution
		Debug|Any CPU = Debug|Any CPU
		Release|Any CPU = Release|Any CPU
	EndGlobalSection
	GlobalSection(ProjectConfigurationPlatforms) = postSolution
		{AC452F7C-BF66-4433-997C-94F97367B149}.Debug|Any CPU.ActiveCfg = Debug|Any CPU
		{AC452F7C-BF66-4433-997C-94F97367B149}.Debug|Any CPU.Build.0 = Debug|Any CPU
		{AC452F7C-BF66-4433-997C-94F97367B149}.Release|Any CPU.ActiveCfg = Release|Any CPU
		{AC452F7C-BF66-4433-997C-94F97367B149}.Release|Any CPU.Build.0 = Release|Any CPU
	EndGlobalSection
	GlobalSection(SolutionProperties) = preSolution
		HideSolutionNode = FALSE
	EndGlobalSection
	GlobalSection(ExtensibilityGlobals) = postSolution
		SolutionGuid = {C4AF74EF-B36B-41B3-B361-243EA063465B}
	EndGlobalSection
EndGlobal
